// !$*UTF8*$!
{
	archiveVersion = 1;
	classes = {
	};
	objectVersion = 48;
	objects = {

/* Begin PBXBuildFile section */
		7B63BA2A1F678B3A00C18035 /* AppDelegate.m in Sources */ = {isa = PBXBuildFile; fileRef = 7B63BA291F678B3A00C18035 /* AppDelegate.m */; };
		7B63BA2D1F678B3A00C18035 /* ViewController.m in Sources */ = {isa = PBXBuildFile; fileRef = 7B63BA2C1F678B3A00C18035 /* ViewController.m */; };
		7B63BA301F678B3A00C18035 /* Main.storyboard in Resources */ = {isa = PBXBuildFile; fileRef = 7B63BA2E1F678B3A00C18035 /* Main.storyboard */; };
		7B63BA321F678B3A00C18035 /* Assets.xcassets in Resources */ = {isa = PBXBuildFile; fileRef = 7B63BA311F678B3A00C18035 /* Assets.xcassets */; };
		7B63BA351F678B3A00C18035 /* LaunchScreen.storyboard in Resources */ = {isa = PBXBuildFile; fileRef = 7B63BA331F678B3A00C18035 /* LaunchScreen.storyboard */; };
		7B63BA381F678B3A00C18035 /* main.m in Sources */ = {isa = PBXBuildFile; fileRef = 7B63BA371F678B3A00C18035 /* main.m */; };
		7B63BA421F678B3A00C18035 /* _____Tests.m in Sources */ = {isa = PBXBuildFile; fileRef = 7B63BA411F678B3A00C18035 /* _____Tests.m */; };
		7B63BA4D1F678B3A00C18035 /* _____UITests.m in Sources */ = {isa = PBXBuildFile; fileRef = 7B63BA4C1F678B3A00C18035 /* _____UITests.m */; };
		7B63BA5C1F67BAEF00C18035 /* CollectionViewCell.m in Sources */ = {isa = PBXBuildFile; fileRef = 7B63BA5B1F67BAEF00C18035 /* CollectionViewCell.m */; };
		7B63BA5F1F67BC9500C18035 /* FooterCollectionViewCell.m in Sources */ = {isa = PBXBuildFile; fileRef = 7B63BA5E1F67BC9500C18035 /* FooterCollectionViewCell.m */; };
		7B63BA621F67BCCB00C18035 /* HeaderCollectionViewCell.m in Sources */ = {isa = PBXBuildFile; fileRef = 7B63BA611F67BCCB00C18035 /* HeaderCollectionViewCell.m */; };
/* End PBXBuildFile section */

/* Begin PBXContainerItemProxy section */
		7B63BA3E1F678B3A00C18035 /* PBXContainerItemProxy */ = {
			isa = PBXContainerItemProxy;
			containerPortal = 7B63BA1D1F678B3A00C18035 /* Project object */;
			proxyType = 1;
			remoteGlobalIDString = 7B63BA241F678B3A00C18035;
			remoteInfo = "多分区网格";
		};
		7B63BA491F678B3A00C18035 /* PBXContainerItemProxy */ = {
			isa = PBXContainerItemProxy;
			containerPortal = 7B63BA1D1F678B3A00C18035 /* Project object */;
			proxyType = 1;
			remoteGlobalIDString = 7B63BA241F678B3A00C18035;
			remoteInfo = "多分区网格";
		};
/* End PBXContainerItemProxy section */

/* Begin PBXFileReference section */
		7B63BA251F678B3A00C18035 /* 多分区网格.app */ = {isa = PBXFileReference; explicitFileType = wrapper.application; includeInIndex = 0; path = "多分区网格.app"; sourceTree = BUILT_PRODUCTS_DIR; };
		7B63BA281F678B3A00C18035 /* AppDelegate.h */ = {isa = PBXFileReference; lastKnownFileType = sourcecode.c.h; path = AppDelegate.h; sourceTree = "<group>"; };
		7B63BA291F678B3A00C18035 /* AppDelegate.m */ = {isa = PBXFileReference; lastKnownFileType = sourcecode.c.objc; path = AppDelegate.m; sourceTree = "<group>"; };
		7B63BA2B1F678B3A00C18035 /* ViewController.h */ = {isa = PBXFileReference; lastKnownFileType = sourcecode.c.h; path = ViewController.h; sourceTree = "<group>"; };
		7B63BA2C1F678B3A00C18035 /* ViewController.m */ = {isa = PBXFileReference; lastKnownFileType = sourcecode.c.objc; path = ViewController.m; sourceTree = "<group>"; };
		7B63BA2F1F678B3A00C18035 /* Base */ = {isa = PBXFileReference; lastKnownFileType = file.storyboard; name = Base; path = Base.lproj/Main.storyboard; sourceTree = "<group>"; };
		7B63BA311F678B3A00C18035 /* Assets.xcassets */ = {isa = PBXFileReference; lastKnownFileType = folder.assetcatalog; path = Assets.xcassets; sourceTree = "<group>"; };
		7B63BA341F678B3A00C18035 /* Base */ = {isa = PBXFileReference; lastKnownFileType = file.storyboard; name = Base; path = Base.lproj/LaunchScreen.storyboard; sourceTree = "<group>"; };
		7B63BA361F678B3A00C18035 /* Info.plist */ = {isa = PBXFileReference; lastKnownFileType = text.plist.xml; path = Info.plist; sourceTree = "<group>"; };
		7B63BA371F678B3A00C18035 /* main.m */ = {isa = PBXFileReference; lastKnownFileType = sourcecode.c.objc; path = main.m; sourceTree = "<group>"; };
		7B63BA3D1F678B3A00C18035 /* 多分区网格Tests.xctest */ = {isa = PBXFileReference; explicitFileType = wrapper.cfbundle; includeInIndex = 0; path = "多分区网格Tests.xctest"; sourceTree = BUILT_PRODUCTS_DIR; };
		7B63BA411F678B3A00C18035 /* _____Tests.m */ = {isa = PBXFileReference; lastKnownFileType = sourcecode.c.objc; path = "_____Tests.m"; sourceTree = "<group>"; };
		7B63BA431F678B3A00C18035 /* Info.plist */ = {isa = PBXFileReference; lastKnownFileType = text.plist.xml; path = Info.plist; sourceTree = "<group>"; };
		7B63BA481F678B3A00C18035 /* 多分区网格UITests.xctest */ = {isa = PBXFileReference; explicitFileType = wrapper.cfbundle; includeInIndex = 0; path = "多分区网格UITests.xctest"; sourceTree = BUILT_PRODUCTS_DIR; };
		7B63BA4C1F678B3A00C18035 /* _____UITests.m */ = {isa = PBXFileReference; lastKnownFileType = sourcecode.c.objc; path = "_____UITests.m"; sourceTree = "<group>"; };
		7B63BA4E1F678B3A00C18035 /* Info.plist */ = {isa = PBXFileReference; lastKnownFileType = text.plist.xml; path = Info.plist; sourceTree = "<group>"; };
		7B63BA5A1F67BAEF00C18035 /* CollectionViewCell.h */ = {isa = PBXFileReference; lastKnownFileType = sourcecode.c.h; path = CollectionViewCell.h; sourceTree = "<group>"; };
		7B63BA5B1F67BAEF00C18035 /* CollectionViewCell.m */ = {isa = PBXFileReference; lastKnownFileType = sourcecode.c.objc; path = CollectionViewCell.m; sourceTree = "<group>"; };
		7B63BA5D1F67BC9500C18035 /* FooterCollectionViewCell.h */ = {isa = PBXFileReference; lastKnownFileType = sourcecode.c.h; path = FooterCollectionViewCell.h; sourceTree = "<group>"; };
		7B63BA5E1F67BC9500C18035 /* FooterCollectionViewCell.m */ = {isa = PBXFileReference; lastKnownFileType = sourcecode.c.objc; path = FooterCollectionViewCell.m; sourceTree = "<group>"; };
		7B63BA601F67BCCB00C18035 /* HeaderCollectionViewCell.h */ = {isa = PBXFileReference; lastKnownFileType = sourcecode.c.h; path = HeaderCollectionViewCell.h; sourceTree = "<group>"; };
		7B63BA611F67BCCB00C18035 /* HeaderCollectionViewCell.m */ = {isa = PBXFileReference; lastKnownFileType = sourcecode.c.objc; path = HeaderCollectionViewCell.m; sourceTree = "<group>"; };
/* End PBXFileReference section */

/* Begin PBXFrameworksBuildPhase section */
		7B63BA221F678B3A00C18035 /* Frameworks */ = {
			isa = PBXFrameworksBuildPhase;
			buildActionMask = 2147483647;
			files = (
			);
			runOnlyForDeploymentPostprocessing = 0;
		};
		7B63BA3A1F678B3A00C18035 /* Frameworks */ = {
			isa = PBXFrameworksBuildPhase;
			buildActionMask = 2147483647;
			files = (
			);
			runOnlyForDeploymentPostprocessing = 0;
		};
		7B63BA451F678B3A00C18035 /* Frameworks */ = {
			isa = PBXFrameworksBuildPhase;
			buildActionMask = 2147483647;
			files = (
			);
			runOnlyForDeploymentPostprocessing = 0;
		};
/* End PBXFrameworksBuildPhase section */

/* Begin PBXGroup section */
		7B63BA1C1F678B3A00C18035 = {
			isa = PBXGroup;
			children = (
				7B63BA271F678B3A00C18035 /* 多分区网格 */,
				7B63BA401F678B3A00C18035 /* 多分区网格Tests */,
				7B63BA4B1F678B3A00C18035 /* 多分区网格UITests */,
				7B63BA261F678B3A00C18035 /* Products */,
			);
			sourceTree = "<group>";
		};
		7B63BA261F678B3A00C18035 /* Products */ = {
			isa = PBXGroup;
			children = (
				7B63BA251F678B3A00C18035 /* 多分区网格.app */,
				7B63BA3D1F678B3A00C18035 /* 多分区网格Tests.xctest */,
				7B63BA481F678B3A00C18035 /* 多分区网格UITests.xctest */,
			);
			name = Products;
			sourceTree = "<group>";
		};
		7B63BA271F678B3A00C18035 /* 多分区网格 */ = {
			isa = PBXGroup;
			children = (
				7B63BA281F678B3A00C18035 /* AppDelegate.h */,
				7B63BA291F678B3A00C18035 /* AppDelegate.m */,
				7B63BA2B1F678B3A00C18035 /* ViewController.h */,
				7B63BA2C1F678B3A00C18035 /* ViewController.m */,
				7B63BA5A1F67BAEF00C18035 /* CollectionViewCell.h */,
				7B63BA5B1F67BAEF00C18035 /* CollectionViewCell.m */,
				7B63BA5D1F67BC9500C18035 /* FooterCollectionViewCell.h */,
				7B63BA5E1F67BC9500C18035 /* FooterCollectionViewCell.m */,
				7B63BA601F67BCCB00C18035 /* HeaderCollectionViewCell.h */,
				7B63BA611F67BCCB00C18035 /* HeaderCollectionViewCell.m */,
				7B63BA2E1F678B3A00C18035 /* Main.storyboard */,
				7B63BA311F678B3A00C18035 /* Assets.xcassets */,
				7B63BA331F678B3A00C18035 /* LaunchScreen.storyboard */,
				7B63BA361F678B3A00C18035 /* Info.plist */,
				7B63BA371F678B3A00C18035 /* main.m */,
			);
			path = "多分区网格";
			sourceTree = "<group>";
		};
		7B63BA401F678B3A00C18035 /* 多分区网格Tests */ = {
			isa = PBXGroup;
			children = (
				7B63BA411F678B3A00C18035 /* _____Tests.m */,
				7B63BA431F678B3A00C18035 /* Info.plist */,
			);
			path = "多分区网格Tests";
			sourceTree = "<group>";
		};
		7B63BA4B1F678B3A00C18035 /* 多分区网格UITests */ = {
			isa = PBXGroup;
			children = (
				7B63BA4C1F678B3A00C18035 /* _____UITests.m */,
				7B63BA4E1F678B3A00C18035 /* Info.plist */,
			);
			path = "多分区网格UITests";
			sourceTree = "<group>";
		};
/* End PBXGroup section */

/* Begin PBXNativeTarget section */
		7B63BA241F678B3A00C18035 /* 多分区网格 */ = {
			isa = PBXNativeTarget;
			buildConfigurationList = 7B63BA511F678B3A00C18035 /* Build configuration list for PBXNativeTarget "多分区网格" */;
			buildPhases = (
				7B63BA211F678B3A00C18035 /* Sources */,
				7B63BA221F678B3A00C18035 /* Frameworks */,
				7B63BA231F678B3A00C18035 /* Resources */,
			);
			buildRules = (
			);
			dependencies = (
			);
			name = "多分区网格";
			productName = "多分区网格";
			productReference = 7B63BA251F678B3A00C18035 /* 多分区网格.app */;
			productType = "com.apple.product-type.application";
		};
		7B63BA3C1F678B3A00C18035 /* 多分区网格Tests */ = {
			isa = PBXNativeTarget;
			buildConfigurationList = 7B63BA541F678B3A00C18035 /* Build configuration list for PBXNativeTarget "多分区网格Tests" */;
			buildPhases = (
				7B63BA391F678B3A00C18035 /* Sources */,
				7B63BA3A1F678B3A00C18035 /* Frameworks */,
				7B63BA3B1F678B3A00C18035 /* Resources */,
			);
			buildRules = (
			);
			dependencies = (
				7B63BA3F1F678B3A00C18035 /* PBXTargetDependency */,
			);
			name = "多分区网格Tests";
			productName = "多分区网格Tests";
			productReference = 7B63BA3D1F678B3A00C18035 /* 多分区网格Tests.xctest */;
			productType = "com.apple.product-type.bundle.unit-test";
		};
		7B63BA471F678B3A00C18035 /* 多分区网格UITests */ = {
			isa = PBXNativeTarget;
			buildConfigurationList = 7B63BA571F678B3A00C18035 /* Build configuration list for PBXNativeTarget "多分区网格UITests" */;
			buildPhases = (
				7B63BA441F678B3A00C18035 /* Sources */,
				7B63BA451F678B3A00C18035 /* Frameworks */,
				7B63BA461F678B3A00C18035 /* Resources */,
			);
			buildRules = (
			);
			dependencies = (
				7B63BA4A1F678B3A00C18035 /* PBXTargetDependency */,
			);
			name = "多分区网格UITests";
			productName = "多分区网格UITests";
			productReference = 7B63BA481F678B3A00C18035 /* 多分区网格UITests.xctest */;
			productType = "com.apple.product-type.bundle.ui-testing";
		};
/* End PBXNativeTarget section */

/* Begin PBXProject section */
		7B63BA1D1F678B3A00C18035 /* Project object */ = {
			isa = PBXProject;
			attributes = {
				LastUpgradeCheck = 0900;
				ORGANIZATIONNAME = laiyongpeng;
				TargetAttributes = {
					7B63BA241F678B3A00C18035 = {
						CreatedOnToolsVersion = 9.0;
						ProvisioningStyle = Automatic;
					};
					7B63BA3C1F678B3A00C18035 = {
						CreatedOnToolsVersion = 9.0;
						ProvisioningStyle = Automatic;
						TestTargetID = 7B63BA241F678B3A00C18035;
					};
					7B63BA471F678B3A00C18035 = {
						CreatedOnToolsVersion = 9.0;
						ProvisioningStyle = Automatic;
						TestTargetID = 7B63BA241F678B3A00C18035;
					};
				};
			};
			buildConfigurationList = 7B63BA201F678B3A00C18035 /* Build configuration list for PBXProject "多分区网格" */;
			compatibilityVersion = "Xcode 8.0";
			developmentRegion = en;
			hasScannedForEncodings = 0;
			knownRegions = (
				en,
				Base,
			);
			mainGroup = 7B63BA1C1F678B3A00C18035;
			productRefGroup = 7B63BA261F678B3A00C18035 /* Products */;
			projectDirPath = "";
			projectRoot = "";
			targets = (
				7B63BA241F678B3A00C18035 /* 多分区网格 */,
				7B63BA3C1F678B3A00C18035 /* 多分区网格Tests */,
				7B63BA471F678B3A00C18035 /* 多分区网格UITests */,
			);
		};
/* End PBXProject section */

/* Begin PBXResourcesBuildPhase section */
		7B63BA231F678B3A00C18035 /* Resources */ = {
			isa = PBXResourcesBuildPhase;
			buildActionMask = 2147483647;
			files = (
				7B63BA351F678B3A00C18035 /* LaunchScreen.storyboard in Resources */,
				7B63BA321F678B3A00C18035 /* Assets.xcassets in Resources */,
				7B63BA301F678B3A00C18035 /* Main.storyboard in Resources */,
			);
			runOnlyForDeploymentPostprocessing = 0;
		};
		7B63BA3B1F678B3A00C18035 /* Resources */ = {
			isa = PBXResourcesBuildPhase;
			buildActionMask = 2147483647;
			files = (
			);
			runOnlyForDeploymentPostprocessing = 0;
		};
		7B63BA461F678B3A00C18035 /* Resources */ = {
			isa = PBXResourcesBuildPhase;
			buildActionMask = 2147483647;
			files = (
			);
			runOnlyForDeploymentPostprocessing = 0;
		};
/* End PBXResourcesBuildPhase section */

/* Begin PBXSourcesBuildPhase section */
		7B63BA211F678B3A00C18035 /* Sources */ = {
			isa = PBXSourcesBuildPhase;
			buildActionMask = 2147483647;
			files = (
				7B63BA2D1F678B3A00C18035 /* ViewController.m in Sources */,
				7B63BA5F1F67BC9500C18035 /* FooterCollectionViewCell.m in Sources */,
				7B63BA381F678B3A00C18035 /* main.m in Sources */,
				7B63BA5C1F67BAEF00C18035 /* CollectionViewCell.m in Sources */,
				7B63BA2A1F678B3A00C18035 /* AppDelegate.m in Sources */,
				7B63BA621F67BCCB00C18035 /* HeaderCollectionViewCell.m in Sources */,
			);
			runOnlyForDeploymentPostprocessing = 0;
		};
		7B63BA391F678B3A00C18035 /* Sources */ = {
			isa = PBXSourcesBuildPhase;
			buildActionMask = 2147483647;
			files = (
				7B63BA421F678B3A00C18035 /* _____Tests.m in Sources */,
			);
			runOnlyForDeploymentPostprocessing = 0;
		};
		7B63BA441F678B3A00C18035 /* Sources */ = {
			isa = PBXSourcesBuildPhase;
			buildActionMask = 2147483647;
			files = (
				7B63BA4D1F678B3A00C18035 /* _____UITests.m in Sources */,
			);
			runOnlyForDeploymentPostprocessing = 0;
		};
/* End PBXSourcesBuildPhase section */

/* Begin PBXTargetDependency section */
		7B63BA3F1F678B3A00C18035 /* PBXTargetDependency */ = {
			isa = PBXTargetDependency;
			target = 7B63BA241F678B3A00C18035 /* 多分区网格 */;
			targetProxy = 7B63BA3E1F678B3A00C18035 /* PBXContainerItemProxy */;
		};
		7B63BA4A1F678B3A00C18035 /* PBXTargetDependency */ = {
			isa = PBXTargetDependency;
			target = 7B63BA241F678B3A00C18035 /* 多分区网格 */;
			targetProxy = 7B63BA491F678B3A00C18035 /* PBXContainerItemProxy */;
		};
/* End PBXTargetDependency section */

/* Begin PBXVariantGroup section */
		7B63BA2E1F678B3A00C18035 /* Main.storyboard */ = {
			isa = PBXVariantGroup;
			children = (
				7B63BA2F1F678B3A00C18035 /* Base */,
			);
			name = Main.storyboard;
			sourceTree = "<group>";
		};
		7B63BA331F678B3A00C18035 /* LaunchScreen.storyboard */ = {
			isa = PBXVariantGroup;
			children = (
				7B63BA341F678B3A00C18035 /* Base */,
			);
			name = LaunchScreen.storyboard;
			sourceTree = "<group>";
		};
/* End PBXVariantGroup section */

/* Begin XCBuildConfiguration section */
		7B63BA4F1F678B3A00C18035 /* Debug */ = {
			isa = XCBuildConfiguration;
			buildSettings = {
				ALWAYS_SEARCH_USER_PATHS = NO;
				CLANG_ANALYZER_NONNULL = YES;
				CLANG_ANALYZER_NUMBER_OBJECT_CONVERSION = YES_AGGRESSIVE;
				CLANG_CXX_LANGUAGE_STANDARD = "gnu++14";
				CLANG_CXX_LIBRARY = "libc++";
				CLANG_ENABLE_MODULES = YES;
				CLANG_ENABLE_OBJC_ARC = YES;
				CLANG_WARN_BLOCK_CAPTURE_AUTORELEASING = YES;
				CLANG_WARN_BOOL_CONVERSION = YES;
				CLANG_WARN_COMMA = YES;
				CLANG_WARN_CONSTANT_CONVERSION = YES;
				CLANG_WARN_DIRECT_OBJC_ISA_USAGE = YES_ERROR;
				CLANG_WARN_DOCUMENTATION_COMMENTS = YES;
				CLANG_WARN_EMPTY_BODY = YES;
				CLANG_WARN_ENUM_CONVERSION = YES;
				CLANG_WARN_INFINITE_RECURSION = YES;
				CLANG_WARN_INT_CONVERSION = YES;
				CLANG_WARN_NON_LITERAL_NULL_CONVERSION = YES;
				CLANG_WARN_OBJC_LITERAL_CONVERSION = YES;
				CLANG_WARN_OBJC_ROOT_CLASS = YES_ERROR;
				CLANG_WARN_RANGE_LOOP_ANALYSIS = YES;
				CLANG_WARN_STRICT_PROTOTYPES = YES;
				CLANG_WARN_SUSPICIOUS_MOVE = YES;
				CLANG_WARN_UNGUARDED_AVAILABILITY = YES_AGGRESSIVE;
				CLANG_WARN_UNREACHABLE_CODE = YES;
				CLANG_WARN__DUPLICATE_METHOD_MATCH = YES;
				CODE_SIGN_IDENTITY = "iPhone Developer";
				COPY_PHASE_STRIP = NO;
				DEBUG_INFORMATION_FORMAT = dwarf;
				ENABLE_STRICT_OBJC_MSGSEND = YES;
				ENABLE_TESTABILITY = YES;
				GCC_C_LANGUAGE_STANDARD = gnu11;
				GCC_DYNAMIC_NO_PIC = NO;
				GCC_NO_COMMON_BLOCKS = YES;
				GCC_OPTIMIZATION_LEVEL = 0;
				GCC_PREPROCESSOR_DEFINITIONS = (
					"DEBUG=1",
					"$(inherited)",
				);
				GCC_WARN_64_TO_32_BIT_CONVERSION = YES;
				GCC_WARN_ABOUT_RETURN_TYPE = YES_ERROR;
				GCC_WARN_UNDECLARED_SELECTOR = YES;
				GCC_WARN_UNINITIALIZED_AUTOS = YES_AGGRESSIVE;
				GCC_WARN_UNUSED_FUNCTION = YES;
				GCC_WARN_UNUSED_VARIABLE = YES;
				IPHONEOS_DEPLOYMENT_TARGET = 11.0;
				MTL_ENABLE_DEBUG_INFO = YES;
				ONLY_ACTIVE_ARCH = YES;
				SDKROOT = iphoneos;
			};
			name = Debug;
		};
		7B63BA501F678B3A00C18035 /* Release */ = {
			isa = XCBuildConfiguration;
			buildSettings = {
				ALWAYS_SEARCH_USER_PATHS = NO;
				CLANG_ANALYZER_NONNULL = YES;
				CLANG_ANALYZER_NUMBER_OBJECT_CONVERSION = YES_AGGRESSIVE;
				CLANG_CXX_LANGUAGE_STANDARD = "gnu++14";
				CLANG_CXX_LIBRARY = "libc++";
				CLANG_ENABLE_MODULES = YES;
				CLANG_ENABLE_OBJC_ARC = YES;
				CLANG_WARN_BLOCK_CAPTURE_AUTORELEASING = YES;
				CLANG_WARN_BOOL_CONVERSION = YES;
				CLANG_WARN_COMMA = YES;
				CLANG_WARN_CONSTANT_CONVERSION = YES;
				CLANG_WARN_DIRECT_OBJC_ISA_USAGE = YES_ERROR;
				CLANG_WARN_DOCUMENTATION_COMMENTS = YES;
				CLANG_WARN_EMPTY_BODY = YES;
				CLANG_WARN_ENUM_CONVERSION = YES;
				CLANG_WARN_INFINITE_RECURSION = YES;
				CLANG_WARN_INT_CONVERSION = YES;
				CLANG_WARN_NON_LITERAL_NULL_CONVERSION = YES;
				CLANG_WARN_OBJC_LITERAL_CONVERSION = YES;
				CLANG_WARN_OBJC_ROOT_CLASS = YES_ERROR;
				CLANG_WARN_RANGE_LOOP_ANALYSIS = YES;
				CLANG_WARN_STRICT_PROTOTYPES = YES;
				CLANG_WARN_SUSPICIOUS_MOVE = YES;
				CLANG_WARN_UNGUARDED_AVAILABILITY = YES_AGGRESSIVE;
				CLANG_WARN_UNREACHABLE_CODE = YES;
				CLANG_WARN__DUPLICATE_METHOD_MATCH = YES;
				CODE_SIGN_IDENTITY = "iPhone Developer";
				COPY_PHASE_STRIP = NO;
				DEBUG_INFORMATION_FORMAT = "dwarf-with-dsym";
				ENABLE_NS_ASSERTIONS = NO;
				ENABLE_STRICT_OBJC_MSGSEND = YES;
				GCC_C_LANGUAGE_STANDARD = gnu11;
				GCC_NO_COMMON_BLOCKS = YES;
				GCC_WARN_64_TO_32_BIT_CONVERSION = YES;
				GCC_WARN_ABOUT_RETURN_TYPE = YES_ERROR;
				GCC_WARN_UNDECLARED_SELECTOR = YES;
				GCC_WARN_UNINITIALIZED_AUTOS = YES_AGGRESSIVE;
				GCC_WARN_UNUSED_FUNCTION = YES;
				GCC_WARN_UNUSED_VARIABLE = YES;
				IPHONEOS_DEPLOYMENT_TARGET = 11.0;
				MTL_ENABLE_DEBUG_INFO = NO;
				SDKROOT = iphoneos;
				VALIDATE_PRODUCT = YES;
			};
			name = Release;
		};
		7B63BA521F678B3A00C18035 /* Debug */ = {
			isa = XCBuildConfiguration;
			buildSettings = {
				ASSETCATALOG_COMPILER_APPICON_NAME = AppIcon;
				CODE_SIGN_STYLE = Automatic;
				DEVELOPMENT_TEAM = DN43523GZM;
				INFOPLIST_FILE = "多分区网格/Info.plist";
				IPHONEOS_DEPLOYMENT_TARGET = 9.0;
				LD_RUNPATH_SEARCH_PATHS = "$(inherited) @executable_path/Frameworks";
				PRODUCT_BUNDLE_IDENTIFIER = "animal.---";
				PRODUCT_NAME = "$(TARGET_NAME)";
				TARGETED_DEVICE_FAMILY = "1,2";
			};
			name = Debug;
		};
		7B63BA531F678B3A00C18035 /* Release */ = {
			isa = XCBuildConfiguration;
			buildSettings = {
				ASSETCATALOG_COMPILER_APPICON_NAME = AppIcon;
				CODE_SIGN_STYLE = Automatic;
				DEVELOPMENT_TEAM = DN43523GZM;
				INFOPLIST_FILE = "多分区网格/Info.plist";
				IPHONEOS_DEPLOYMENT_TARGET = 9.0;
				LD_RUNPATH_SEARCH_PATHS = "$(inherited) @executable_path/Frameworks";
				PRODUCT_BUNDLE_IDENTIFIER = "animal.---";
				PRODUCT_NAME = "$(TARGET_NAME)";
				TARGETED_DEVICE_FAMILY = "1,2";
			};
			name = Release;
		};
		7B63BA551F678B3A00C18035 /* Debug */ = {
			isa = XCBuildConfiguration;
			buildSettings = {
				BUNDLE_LOADER = "$(TEST_HOST)";
				CODE_SIGN_STYLE = Automatic;
				DEVELOPMENT_TEAM = DN43523GZM;
				INFOPLIST_FILE = "多分区网格Tests/Info.plist";
				LD_RUNPATH_SEARCH_PATHS = "$(inherited) @executable_path/Frameworks @loader_path/Frameworks";
				PRODUCT_BUNDLE_IDENTIFIER = "animal.-----Tests";
				PRODUCT_NAME = "$(TARGET_NAME)";
				TARGETED_DEVICE_FAMILY = "1,2";
				TEST_HOST = "$(BUILT_PRODUCTS_DIR)/多分区网格.app/多分区网格";
			};
			name = Debug;
		};
		7B63BA561F678B3A00C18035 /* Release */ = {
			isa = XCBuildConfiguration;
			buildSettings = {
				BUNDLE_LOADER = "$(TEST_HOST)";
				CODE_SIGN_STYLE = Automatic;
				DEVELOPMENT_TEAM = DN43523GZM;
				INFOPLIST_FILE = "多分区网格Tests/Info.plist";
				LD_RUNPATH_SEARCH_PATHS = "$(inherited) @executable_path/Frameworks @loader_path/Frameworks";
				PRODUCT_BUNDLE_IDENTIFIER = "animal.-----Tests";
				PRODUCT_NAME = "$(TARGET_NAME)";
				TARGETED_DEVICE_FAMILY = "1,2";
				TEST_HOST = "$(BUILT_PRODUCTS_DIR)/多分区网格.app/多分区网格";
			};
			name = Release;
		};
		7B63BA581F678B3A00C18035 /* Debug */ = {
			isa = XCBuildConfiguration;
			buildSettings = {
				CODE_SIGN_STYLE = Automatic;
				DEVELOPMENT_TEAM = DN43523GZM;
				INFOPLIST_FILE = "多分区网格UITests/Info.plist";
				LD_RUNPATH_SEARCH_PATHS = "$(inherited) @executable_path/Frameworks @loader_path/Frameworks";
				PRODUCT_BUNDLE_IDENTIFIER = "animal.-----UITests";
				PRODUCT_NAME = "$(TARGET_NAME)";
				TARGETED_DEVICE_FAMILY = "1,2";
				TEST_TARGET_NAME = "多分区网格";
			};
			name = Debug;
		};
		7B63BA591F678B3A00C18035 /* Release */ = {
			isa = XCBuildConfiguration;
			buildSettings = {
				CODE_SIGN_STYLE = Automatic;
				DEVELOPMENT_TEAM = DN43523GZM;
				INFOPLIST_FILE = "多分区网格UITests/Info.plist";
				LD_RUNPATH_SEARCH_PATHS = "$(inherited) @executable_path/Frameworks @loader_path/Frameworks";
				PRODUCT_BUNDLE_IDENTIFIER = "animal.-----UITests";
				PRODUCT_NAME = "$(TARGET_NAME)";
				TARGETED_DEVICE_FAMILY = "1,2";
				TEST_TARGET_NAME = "多分区网格";
			};
			name = Release;
		};
/* End XCBuildConfiguration section */

/* Begin XCConfigurationList section */
		7B63BA201F678B3A00C18035 /* Build configuration list for PBXProject "多分区网格" */ = {
			isa = XCConfigurationList;
			buildConfigurations = (
				7B63BA4F1F678B3A00C18035 /* Debug */,
				7B63BA501F678B3A00C18035 /* Release */,
			);
			defaultConfigurationIsVisible = 0;
			defaultConfigurationName = Release;
		};
		7B63BA511F678B3A00C18035 /* Build configuration list for PBXNativeTarget "多分区网格" */ = {
			isa = XCConfigurationList;
			buildConfigurations = (
				7B63BA521F678B3A00C18035 /* Debug */,
				7B63BA531F678B3A00C18035 /* Release */,
			);
			defaultConfigurationIsVisible = 0;
			defaultConfigurationName = Release;
		};
		7B63BA541F678B3A00C18035 /* Build configuration list for PBXNativeTarget "多分区网格Tests" */ = {
			isa = XCConfigurationList;
			buildConfigurations = (
				7B63BA551F678B3A00C18035 /* Debug */,
				7B63BA561F678B3A00C18035 /* Release */,
			);
			defaultConfigurationIsVisible = 0;
			defaultConfigurationName = Release;
		};
		7B63BA571F678B3A00C18035 /* Build configuration list for PBXNativeTarget "多分区网格UITests" */ = {
			isa = XCConfigurationList;
			buildConfigurations = (
				7B63BA581F678B3A00C18035 /* Debug */,
				7B63BA591F678B3A00C18035 /* Release */,
			);
			defaultConfigurationIsVisible = 0;
			defaultConfigurationName = Release;
		};
/* End XCConfigurationList section */
	};
	rootObject = 7B63BA1D1F678B3A00C18035 /* Project object */;
}
