// !$*UTF8*$!
{
	archiveVersion = 1;
	classes = {
	};
	objectVersion = 46;
	objects = {

/* Begin PBXBuildFile section */
		7B38CEBD1F60DD8400E23228 /* main.m in Sources */ = {isa = PBXBuildFile; fileRef = 7B38CEBC1F60DD8400E23228 /* main.m */; };
		7B38CEC01F60DD8400E23228 /* AppDelegate.m in Sources */ = {isa = PBXBuildFile; fileRef = 7B38CEBF1F60DD8400E23228 /* AppDelegate.m */; };
		7B38CEC31F60DD8400E23228 /* ViewController.m in Sources */ = {isa = PBXBuildFile; fileRef = 7B38CEC21F60DD8400E23228 /* ViewController.m */; };
		7B38CEC61F60DD8400E23228 /* Main.storyboard in Resources */ = {isa = PBXBuildFile; fileRef = 7B38CEC41F60DD8400E23228 /* Main.storyboard */; };
		7B38CEC81F60DD8400E23228 /* Assets.xcassets in Resources */ = {isa = PBXBuildFile; fileRef = 7B38CEC71F60DD8400E23228 /* Assets.xcassets */; };
		7B38CECB1F60DD8400E23228 /* LaunchScreen.storyboard in Resources */ = {isa = PBXBuildFile; fileRef = 7B38CEC91F60DD8400E23228 /* LaunchScreen.storyboard */; };
		7B38CED61F60DD8400E23228 /* ___Tests.m in Sources */ = {isa = PBXBuildFile; fileRef = 7B38CED51F60DD8400E23228 /* ___Tests.m */; };
		7B38CEE11F60DD8400E23228 /* ___UITests.m in Sources */ = {isa = PBXBuildFile; fileRef = 7B38CEE01F60DD8400E23228 /* ___UITests.m */; };
/* End PBXBuildFile section */

/* Begin PBXContainerItemProxy section */
		7B38CED21F60DD8400E23228 /* PBXContainerItemProxy */ = {
			isa = PBXContainerItemProxy;
			containerPortal = 7B38CEB01F60DD8400E23228 /* Project object */;
			proxyType = 1;
			remoteGlobalIDString = 7B38CEB71F60DD8400E23228;
			remoteInfo = "老虎机";
		};
		7B38CEDD1F60DD8400E23228 /* PBXContainerItemProxy */ = {
			isa = PBXContainerItemProxy;
			containerPortal = 7B38CEB01F60DD8400E23228 /* Project object */;
			proxyType = 1;
			remoteGlobalIDString = 7B38CEB71F60DD8400E23228;
			remoteInfo = "老虎机";
		};
/* End PBXContainerItemProxy section */

/* Begin PBXFileReference section */
		7B38CEB81F60DD8400E23228 /* 老虎机.app */ = {isa = PBXFileReference; explicitFileType = wrapper.application; includeInIndex = 0; path = "老虎机.app"; sourceTree = BUILT_PRODUCTS_DIR; };
		7B38CEBC1F60DD8400E23228 /* main.m */ = {isa = PBXFileReference; lastKnownFileType = sourcecode.c.objc; path = main.m; sourceTree = "<group>"; };
		7B38CEBE1F60DD8400E23228 /* AppDelegate.h */ = {isa = PBXFileReference; lastKnownFileType = sourcecode.c.h; path = AppDelegate.h; sourceTree = "<group>"; };
		7B38CEBF1F60DD8400E23228 /* AppDelegate.m */ = {isa = PBXFileReference; lastKnownFileType = sourcecode.c.objc; path = AppDelegate.m; sourceTree = "<group>"; };
		7B38CEC11F60DD8400E23228 /* ViewController.h */ = {isa = PBXFileReference; lastKnownFileType = sourcecode.c.h; path = ViewController.h; sourceTree = "<group>"; };
		7B38CEC21F60DD8400E23228 /* ViewController.m */ = {isa = PBXFileReference; lastKnownFileType = sourcecode.c.objc; path = ViewController.m; sourceTree = "<group>"; };
		7B38CEC51F60DD8400E23228 /* Base */ = {isa = PBXFileReference; lastKnownFileType = file.storyboard; name = Base; path = Base.lproj/Main.storyboard; sourceTree = "<group>"; };
		7B38CEC71F60DD8400E23228 /* Assets.xcassets */ = {isa = PBXFileReference; lastKnownFileType = folder.assetcatalog; path = Assets.xcassets; sourceTree = "<group>"; };
		7B38CECA1F60DD8400E23228 /* Base */ = {isa = PBXFileReference; lastKnownFileType = file.storyboard; name = Base; path = Base.lproj/LaunchScreen.storyboard; sourceTree = "<group>"; };
		7B38CECC1F60DD8400E23228 /* Info.plist */ = {isa = PBXFileReference; lastKnownFileType = text.plist.xml; path = Info.plist; sourceTree = "<group>"; };
		7B38CED11F60DD8400E23228 /* 老虎机Tests.xctest */ = {isa = PBXFileReference; explicitFileType = wrapper.cfbundle; includeInIndex = 0; path = "老虎机Tests.xctest"; sourceTree = BUILT_PRODUCTS_DIR; };
		7B38CED51F60DD8400E23228 /* ___Tests.m */ = {isa = PBXFileReference; lastKnownFileType = sourcecode.c.objc; path = "___Tests.m"; sourceTree = "<group>"; };
		7B38CED71F60DD8400E23228 /* Info.plist */ = {isa = PBXFileReference; lastKnownFileType = text.plist.xml; path = Info.plist; sourceTree = "<group>"; };
		7B38CEDC1F60DD8400E23228 /* 老虎机UITests.xctest */ = {isa = PBXFileReference; explicitFileType = wrapper.cfbundle; includeInIndex = 0; path = "老虎机UITests.xctest"; sourceTree = BUILT_PRODUCTS_DIR; };
		7B38CEE01F60DD8400E23228 /* ___UITests.m */ = {isa = PBXFileReference; lastKnownFileType = sourcecode.c.objc; path = "___UITests.m"; sourceTree = "<group>"; };
		7B38CEE21F60DD8400E23228 /* Info.plist */ = {isa = PBXFileReference; lastKnownFileType = text.plist.xml; path = Info.plist; sourceTree = "<group>"; };
		7B4524601F60E0F60011346F /* 兔子.jpg */ = {isa = PBXFileReference; lastKnownFileType = image.jpeg; path = "兔子.jpg"; sourceTree = "<group>"; };
		7B4524611F60E0F60011346F /* 狗.jpg */ = {isa = PBXFileReference; lastKnownFileType = image.jpeg; path = "狗.jpg"; sourceTree = "<group>"; };
		7B4524621F60E0F60011346F /* 狼.jpg */ = {isa = PBXFileReference; lastKnownFileType = image.jpeg; path = "狼.jpg"; sourceTree = "<group>"; };
		7B4524631F60E0F60011346F /* 猪.jpg */ = {isa = PBXFileReference; lastKnownFileType = image.jpeg; path = "猪.jpg"; sourceTree = "<group>"; };
		7B4524641F60E0F60011346F /* 猫.jpg */ = {isa = PBXFileReference; lastKnownFileType = image.jpeg; path = "猫.jpg"; sourceTree = "<group>"; };
/* End PBXFileReference section */

/* Begin PBXFrameworksBuildPhase section */
		7B38CEB51F60DD8400E23228 /* Frameworks */ = {
			isa = PBXFrameworksBuildPhase;
			buildActionMask = 2147483647;
			files = (
			);
			runOnlyForDeploymentPostprocessing = 0;
		};
		7B38CECE1F60DD8400E23228 /* Frameworks */ = {
			isa = PBXFrameworksBuildPhase;
			buildActionMask = 2147483647;
			files = (
			);
			runOnlyForDeploymentPostprocessing = 0;
		};
		7B38CED91F60DD8400E23228 /* Frameworks */ = {
			isa = PBXFrameworksBuildPhase;
			buildActionMask = 2147483647;
			files = (
			);
			runOnlyForDeploymentPostprocessing = 0;
		};
/* End PBXFrameworksBuildPhase section */

/* Begin PBXGroup section */
		7B38CEAF1F60DD8400E23228 = {
			isa = PBXGroup;
			children = (
				7B38CEBA1F60DD8400E23228 /* 老虎机 */,
				7B38CED41F60DD8400E23228 /* 老虎机Tests */,
				7B38CEDF1F60DD8400E23228 /* 老虎机UITests */,
				7B38CEB91F60DD8400E23228 /* Products */,
			);
			sourceTree = "<group>";
		};
		7B38CEB91F60DD8400E23228 /* Products */ = {
			isa = PBXGroup;
			children = (
				7B38CEB81F60DD8400E23228 /* 老虎机.app */,
				7B38CED11F60DD8400E23228 /* 老虎机Tests.xctest */,
				7B38CEDC1F60DD8400E23228 /* 老虎机UITests.xctest */,
			);
			name = Products;
			sourceTree = "<group>";
		};
		7B38CEBA1F60DD8400E23228 /* 老虎机 */ = {
			isa = PBXGroup;
			children = (
				7B45245F1F60E0F60011346F /* image */,
				7B38CEBE1F60DD8400E23228 /* AppDelegate.h */,
				7B38CEBF1F60DD8400E23228 /* AppDelegate.m */,
				7B38CEC11F60DD8400E23228 /* ViewController.h */,
				7B38CEC21F60DD8400E23228 /* ViewController.m */,
				7B38CEC41F60DD8400E23228 /* Main.storyboard */,
				7B38CEC71F60DD8400E23228 /* Assets.xcassets */,
				7B38CEC91F60DD8400E23228 /* LaunchScreen.storyboard */,
				7B38CECC1F60DD8400E23228 /* Info.plist */,
				7B38CEBB1F60DD8400E23228 /* Supporting Files */,
			);
			path = "老虎机";
			sourceTree = "<group>";
		};
		7B38CEBB1F60DD8400E23228 /* Supporting Files */ = {
			isa = PBXGroup;
			children = (
				7B38CEBC1F60DD8400E23228 /* main.m */,
			);
			name = "Supporting Files";
			sourceTree = "<group>";
		};
		7B38CED41F60DD8400E23228 /* 老虎机Tests */ = {
			isa = PBXGroup;
			children = (
				7B38CED51F60DD8400E23228 /* ___Tests.m */,
				7B38CED71F60DD8400E23228 /* Info.plist */,
			);
			path = "老虎机Tests";
			sourceTree = "<group>";
		};
		7B38CEDF1F60DD8400E23228 /* 老虎机UITests */ = {
			isa = PBXGroup;
			children = (
				7B38CEE01F60DD8400E23228 /* ___UITests.m */,
				7B38CEE21F60DD8400E23228 /* Info.plist */,
			);
			path = "老虎机UITests";
			sourceTree = "<group>";
		};
		7B45245F1F60E0F60011346F /* image */ = {
			isa = PBXGroup;
			children = (
				7B4524601F60E0F60011346F /* 兔子.jpg */,
				7B4524611F60E0F60011346F /* 狗.jpg */,
				7B4524621F60E0F60011346F /* 狼.jpg */,
				7B4524631F60E0F60011346F /* 猪.jpg */,
				7B4524641F60E0F60011346F /* 猫.jpg */,
			);
			path = image;
			sourceTree = "<group>";
		};
/* End PBXGroup section */

/* Begin PBXNativeTarget section */
		7B38CEB71F60DD8400E23228 /* 老虎机 */ = {
			isa = PBXNativeTarget;
			buildConfigurationList = 7B38CEE51F60DD8400E23228 /* Build configuration list for PBXNativeTarget "老虎机" */;
			buildPhases = (
				7B38CEB41F60DD8400E23228 /* Sources */,
				7B38CEB51F60DD8400E23228 /* Frameworks */,
				7B38CEB61F60DD8400E23228 /* Resources */,
			);
			buildRules = (
			);
			dependencies = (
			);
			name = "老虎机";
			productName = "老虎机";
			productReference = 7B38CEB81F60DD8400E23228 /* 老虎机.app */;
			productType = "com.apple.product-type.application";
		};
		7B38CED01F60DD8400E23228 /* 老虎机Tests */ = {
			isa = PBXNativeTarget;
			buildConfigurationList = 7B38CEE81F60DD8400E23228 /* Build configuration list for PBXNativeTarget "老虎机Tests" */;
			buildPhases = (
				7B38CECD1F60DD8400E23228 /* Sources */,
				7B38CECE1F60DD8400E23228 /* Frameworks */,
				7B38CECF1F60DD8400E23228 /* Resources */,
			);
			buildRules = (
			);
			dependencies = (
				7B38CED31F60DD8400E23228 /* PBXTargetDependency */,
			);
			name = "老虎机Tests";
			productName = "老虎机Tests";
			productReference = 7B38CED11F60DD8400E23228 /* 老虎机Tests.xctest */;
			productType = "com.apple.product-type.bundle.unit-test";
		};
		7B38CEDB1F60DD8400E23228 /* 老虎机UITests */ = {
			isa = PBXNativeTarget;
			buildConfigurationList = 7B38CEEB1F60DD8400E23228 /* Build configuration list for PBXNativeTarget "老虎机UITests" */;
			buildPhases = (
				7B38CED81F60DD8400E23228 /* Sources */,
				7B38CED91F60DD8400E23228 /* Frameworks */,
				7B38CEDA1F60DD8400E23228 /* Resources */,
			);
			buildRules = (
			);
			dependencies = (
				7B38CEDE1F60DD8400E23228 /* PBXTargetDependency */,
			);
			name = "老虎机UITests";
			productName = "老虎机UITests";
			productReference = 7B38CEDC1F60DD8400E23228 /* 老虎机UITests.xctest */;
			productType = "com.apple.product-type.bundle.ui-testing";
		};
/* End PBXNativeTarget section */

/* Begin PBXProject section */
		7B38CEB01F60DD8400E23228 /* Project object */ = {
			isa = PBXProject;
			attributes = {
				LastUpgradeCheck = 0830;
				ORGANIZATIONNAME = laiyongpeng;
				TargetAttributes = {
					7B38CEB71F60DD8400E23228 = {
						CreatedOnToolsVersion = 8.3.2;
						DevelopmentTeam = DN43523GZM;
						ProvisioningStyle = Automatic;
					};
					7B38CED01F60DD8400E23228 = {
						CreatedOnToolsVersion = 8.3.2;
						DevelopmentTeam = DN43523GZM;
						ProvisioningStyle = Automatic;
						TestTargetID = 7B38CEB71F60DD8400E23228;
					};
					7B38CEDB1F60DD8400E23228 = {
						CreatedOnToolsVersion = 8.3.2;
						DevelopmentTeam = DN43523GZM;
						ProvisioningStyle = Automatic;
						TestTargetID = 7B38CEB71F60DD8400E23228;
					};
				};
			};
			buildConfigurationList = 7B38CEB31F60DD8400E23228 /* Build configuration list for PBXProject "老虎机" */;
			compatibilityVersion = "Xcode 3.2";
			developmentRegion = English;
			hasScannedForEncodings = 0;
			knownRegions = (
				en,
				Base,
			);
			mainGroup = 7B38CEAF1F60DD8400E23228;
			productRefGroup = 7B38CEB91F60DD8400E23228 /* Products */;
			projectDirPath = "";
			projectRoot = "";
			targets = (
				7B38CEB71F60DD8400E23228 /* 老虎机 */,
				7B38CED01F60DD8400E23228 /* 老虎机Tests */,
				7B38CEDB1F60DD8400E23228 /* 老虎机UITests */,
			);
		};
/* End PBXProject section */

/* Begin PBXResourcesBuildPhase section */
		7B38CEB61F60DD8400E23228 /* Resources */ = {
			isa = PBXResourcesBuildPhase;
			buildActionMask = 2147483647;
			files = (
				7B38CECB1F60DD8400E23228 /* LaunchScreen.storyboard in Resources */,
				7B38CEC81F60DD8400E23228 /* Assets.xcassets in Resources */,
				7B38CEC61F60DD8400E23228 /* Main.storyboard in Resources */,
			);
			runOnlyForDeploymentPostprocessing = 0;
		};
		7B38CECF1F60DD8400E23228 /* Resources */ = {
			isa = PBXResourcesBuildPhase;
			buildActionMask = 2147483647;
			files = (
			);
			runOnlyForDeploymentPostprocessing = 0;
		};
		7B38CEDA1F60DD8400E23228 /* Resources */ = {
			isa = PBXResourcesBuildPhase;
			buildActionMask = 2147483647;
			files = (
			);
			runOnlyForDeploymentPostprocessing = 0;
		};
/* End PBXResourcesBuildPhase section */

/* Begin PBXSourcesBuildPhase section */
		7B38CEB41F60DD8400E23228 /* Sources */ = {
			isa = PBXSourcesBuildPhase;
			buildActionMask = 2147483647;
			files = (
				7B38CEC31F60DD8400E23228 /* ViewController.m in Sources */,
				7B38CEC01F60DD8400E23228 /* AppDelegate.m in Sources */,
				7B38CEBD1F60DD8400E23228 /* main.m in Sources */,
			);
			runOnlyForDeploymentPostprocessing = 0;
		};
		7B38CECD1F60DD8400E23228 /* Sources */ = {
			isa = PBXSourcesBuildPhase;
			buildActionMask = 2147483647;
			files = (
				7B38CED61F60DD8400E23228 /* ___Tests.m in Sources */,
			);
			runOnlyForDeploymentPostprocessing = 0;
		};
		7B38CED81F60DD8400E23228 /* Sources */ = {
			isa = PBXSourcesBuildPhase;
			buildActionMask = 2147483647;
			files = (
				7B38CEE11F60DD8400E23228 /* ___UITests.m in Sources */,
			);
			runOnlyForDeploymentPostprocessing = 0;
		};
/* End PBXSourcesBuildPhase section */

/* Begin PBXTargetDependency section */
		7B38CED31F60DD8400E23228 /* PBXTargetDependency */ = {
			isa = PBXTargetDependency;
			target = 7B38CEB71F60DD8400E23228 /* 老虎机 */;
			targetProxy = 7B38CED21F60DD8400E23228 /* PBXContainerItemProxy */;
		};
		7B38CEDE1F60DD8400E23228 /* PBXTargetDependency */ = {
			isa = PBXTargetDependency;
			target = 7B38CEB71F60DD8400E23228 /* 老虎机 */;
			targetProxy = 7B38CEDD1F60DD8400E23228 /* PBXContainerItemProxy */;
		};
/* End PBXTargetDependency section */

/* Begin PBXVariantGroup section */
		7B38CEC41F60DD8400E23228 /* Main.storyboard */ = {
			isa = PBXVariantGroup;
			children = (
				7B38CEC51F60DD8400E23228 /* Base */,
			);
			name = Main.storyboard;
			sourceTree = "<group>";
		};
		7B38CEC91F60DD8400E23228 /* LaunchScreen.storyboard */ = {
			isa = PBXVariantGroup;
			children = (
				7B38CECA1F60DD8400E23228 /* Base */,
			);
			name = LaunchScreen.storyboard;
			sourceTree = "<group>";
		};
/* End PBXVariantGroup section */

/* Begin XCBuildConfiguration section */
		7B38CEE31F60DD8400E23228 /* Debug */ = {
			isa = XCBuildConfiguration;
			buildSettings = {
				ALWAYS_SEARCH_USER_PATHS = NO;
				CLANG_ANALYZER_NONNULL = YES;
				CLANG_ANALYZER_NUMBER_OBJECT_CONVERSION = YES_AGGRESSIVE;
				CLANG_CXX_LANGUAGE_STANDARD = "gnu++0x";
				CLANG_CXX_LIBRARY = "libc++";
				CLANG_ENABLE_MODULES = YES;
				CLANG_ENABLE_OBJC_ARC = YES;
				CLANG_WARN_BOOL_CONVERSION = YES;
				CLANG_WARN_CONSTANT_CONVERSION = YES;
				CLANG_WARN_DIRECT_OBJC_ISA_USAGE = YES_ERROR;
				CLANG_WARN_DOCUMENTATION_COMMENTS = YES;
				CLANG_WARN_EMPTY_BODY = YES;
				CLANG_WARN_ENUM_CONVERSION = YES;
				CLANG_WARN_INFINITE_RECURSION = YES;
				CLANG_WARN_INT_CONVERSION = YES;
				CLANG_WARN_OBJC_ROOT_CLASS = YES_ERROR;
				CLANG_WARN_SUSPICIOUS_MOVE = YES;
				CLANG_WARN_UNREACHABLE_CODE = YES;
				CLANG_WARN__DUPLICATE_METHOD_MATCH = YES;
				"CODE_SIGN_IDENTITY[sdk=iphoneos*]" = "iPhone Developer";
				COPY_PHASE_STRIP = NO;
				DEBUG_INFORMATION_FORMAT = dwarf;
				ENABLE_STRICT_OBJC_MSGSEND = YES;
				ENABLE_TESTABILITY = YES;
				GCC_C_LANGUAGE_STANDARD = gnu99;
				GCC_DYNAMIC_NO_PIC = NO;
				GCC_NO_COMMON_BLOCKS = YES;
				GCC_OPTIMIZATION_LEVEL = 0;
				GCC_PREPROCESSOR_DEFINITIONS = (
					"DEBUG=1",
					"$(inherited)",
				);
				GCC_WARN_64_TO_32_BIT_CONVERSION = YES;
				GCC_WARN_ABOUT_RETURN_TYPE = YES_ERROR;
				GCC_WARN_UNDECLARED_SELECTOR = YES;
				GCC_WARN_UNINITIALIZED_AUTOS = YES_AGGRESSIVE;
				GCC_WARN_UNUSED_FUNCTION = YES;
				GCC_WARN_UNUSED_VARIABLE = YES;
				IPHONEOS_DEPLOYMENT_TARGET = 10.3;
				MTL_ENABLE_DEBUG_INFO = YES;
				ONLY_ACTIVE_ARCH = YES;
				SDKROOT = iphoneos;
				TARGETED_DEVICE_FAMILY = "1,2";
			};
			name = Debug;
		};
		7B38CEE41F60DD8400E23228 /* Release */ = {
			isa = XCBuildConfiguration;
			buildSettings = {
				ALWAYS_SEARCH_USER_PATHS = NO;
				CLANG_ANALYZER_NONNULL = YES;
				CLANG_ANALYZER_NUMBER_OBJECT_CONVERSION = YES_AGGRESSIVE;
				CLANG_CXX_LANGUAGE_STANDARD = "gnu++0x";
				CLANG_CXX_LIBRARY = "libc++";
				CLANG_ENABLE_MODULES = YES;
				CLANG_ENABLE_OBJC_ARC = YES;
				CLANG_WARN_BOOL_CONVERSION = YES;
				CLANG_WARN_CONSTANT_CONVERSION = YES;
				CLANG_WARN_DIRECT_OBJC_ISA_USAGE = YES_ERROR;
				CLANG_WARN_DOCUMENTATION_COMMENTS = YES;
				CLANG_WARN_EMPTY_BODY = YES;
				CLANG_WARN_ENUM_CONVERSION = YES;
				CLANG_WARN_INFINITE_RECURSION = YES;
				CLANG_WARN_INT_CONVERSION = YES;
				CLANG_WARN_OBJC_ROOT_CLASS = YES_ERROR;
				CLANG_WARN_SUSPICIOUS_MOVE = YES;
				CLANG_WARN_UNREACHABLE_CODE = YES;
				CLANG_WARN__DUPLICATE_METHOD_MATCH = YES;
				"CODE_SIGN_IDENTITY[sdk=iphoneos*]" = "iPhone Developer";
				COPY_PHASE_STRIP = NO;
				DEBUG_INFORMATION_FORMAT = "dwarf-with-dsym";
				ENABLE_NS_ASSERTIONS = NO;
				ENABLE_STRICT_OBJC_MSGSEND = YES;
				GCC_C_LANGUAGE_STANDARD = gnu99;
				GCC_NO_COMMON_BLOCKS = YES;
				GCC_WARN_64_TO_32_BIT_CONVERSION = YES;
				GCC_WARN_ABOUT_RETURN_TYPE = YES_ERROR;
				GCC_WARN_UNDECLARED_SELECTOR = YES;
				GCC_WARN_UNINITIALIZED_AUTOS = YES_AGGRESSIVE;
				GCC_WARN_UNUSED_FUNCTION = YES;
				GCC_WARN_UNUSED_VARIABLE = YES;
				IPHONEOS_DEPLOYMENT_TARGET = 10.3;
				MTL_ENABLE_DEBUG_INFO = NO;
				SDKROOT = iphoneos;
				TARGETED_DEVICE_FAMILY = "1,2";
				VALIDATE_PRODUCT = YES;
			};
			name = Release;
		};
		7B38CEE61F60DD8400E23228 /* Debug */ = {
			isa = XCBuildConfiguration;
			buildSettings = {
				ASSETCATALOG_COMPILER_APPICON_NAME = AppIcon;
				DEVELOPMENT_TEAM = DN43523GZM;
				INFOPLIST_FILE = "老虎机/Info.plist";
				IPHONEOS_DEPLOYMENT_TARGET = 8.0;
				LD_RUNPATH_SEARCH_PATHS = "$(inherited) @executable_path/Frameworks";
				PRODUCT_BUNDLE_IDENTIFIER = "animal.---";
				PRODUCT_NAME = "$(TARGET_NAME)";
			};
			name = Debug;
		};
		7B38CEE71F60DD8400E23228 /* Release */ = {
			isa = XCBuildConfiguration;
			buildSettings = {
				ASSETCATALOG_COMPILER_APPICON_NAME = AppIcon;
				DEVELOPMENT_TEAM = DN43523GZM;
				INFOPLIST_FILE = "老虎机/Info.plist";
				IPHONEOS_DEPLOYMENT_TARGET = 8.0;
				LD_RUNPATH_SEARCH_PATHS = "$(inherited) @executable_path/Frameworks";
				PRODUCT_BUNDLE_IDENTIFIER = "animal.---";
				PRODUCT_NAME = "$(TARGET_NAME)";
			};
			name = Release;
		};
		7B38CEE91F60DD8400E23228 /* Debug */ = {
			isa = XCBuildConfiguration;
			buildSettings = {
				BUNDLE_LOADER = "$(TEST_HOST)";
				DEVELOPMENT_TEAM = DN43523GZM;
				INFOPLIST_FILE = "老虎机Tests/Info.plist";
				LD_RUNPATH_SEARCH_PATHS = "$(inherited) @executable_path/Frameworks @loader_path/Frameworks";
				PRODUCT_BUNDLE_IDENTIFIER = "animal.---Tests";
				PRODUCT_NAME = "$(TARGET_NAME)";
				TEST_HOST = "$(BUILT_PRODUCTS_DIR)/老虎机.app/老虎机";
			};
			name = Debug;
		};
		7B38CEEA1F60DD8400E23228 /* Release */ = {
			isa = XCBuildConfiguration;
			buildSettings = {
				BUNDLE_LOADER = "$(TEST_HOST)";
				DEVELOPMENT_TEAM = DN43523GZM;
				INFOPLIST_FILE = "老虎机Tests/Info.plist";
				LD_RUNPATH_SEARCH_PATHS = "$(inherited) @executable_path/Frameworks @loader_path/Frameworks";
				PRODUCT_BUNDLE_IDENTIFIER = "animal.---Tests";
				PRODUCT_NAME = "$(TARGET_NAME)";
				TEST_HOST = "$(BUILT_PRODUCTS_DIR)/老虎机.app/老虎机";
			};
			name = Release;
		};
		7B38CEEC1F60DD8400E23228 /* Debug */ = {
			isa = XCBuildConfiguration;
			buildSettings = {
				DEVELOPMENT_TEAM = DN43523GZM;
				INFOPLIST_FILE = "老虎机UITests/Info.plist";
				LD_RUNPATH_SEARCH_PATHS = "$(inherited) @executable_path/Frameworks @loader_path/Frameworks";
				PRODUCT_BUNDLE_IDENTIFIER = "animal.---UITests";
				PRODUCT_NAME = "$(TARGET_NAME)";
				TEST_TARGET_NAME = "老虎机";
			};
			name = Debug;
		};
		7B38CEED1F60DD8400E23228 /* Release */ = {
			isa = XCBuildConfiguration;
			buildSettings = {
				DEVELOPMENT_TEAM = DN43523GZM;
				INFOPLIST_FILE = "老虎机UITests/Info.plist";
				LD_RUNPATH_SEARCH_PATHS = "$(inherited) @executable_path/Frameworks @loader_path/Frameworks";
				PRODUCT_BUNDLE_IDENTIFIER = "animal.---UITests";
				PRODUCT_NAME = "$(TARGET_NAME)";
				TEST_TARGET_NAME = "老虎机";
			};
			name = Release;
		};
/* End XCBuildConfiguration section */

/* Begin XCConfigurationList section */
		7B38CEB31F60DD8400E23228 /* Build configuration list for PBXProject "老虎机" */ = {
			isa = XCConfigurationList;
			buildConfigurations = (
				7B38CEE31F60DD8400E23228 /* Debug */,
				7B38CEE41F60DD8400E23228 /* Release */,
			);
			defaultConfigurationIsVisible = 0;
			defaultConfigurationName = Release;
		};
		7B38CEE51F60DD8400E23228 /* Build configuration list for PBXNativeTarget "老虎机" */ = {
			isa = XCConfigurationList;
			buildConfigurations = (
				7B38CEE61F60DD8400E23228 /* Debug */,
				7B38CEE71F60DD8400E23228 /* Release */,
			);
			defaultConfigurationIsVisible = 0;
			defaultConfigurationName = Release;
		};
		7B38CEE81F60DD8400E23228 /* Build configuration list for PBXNativeTarget "老虎机Tests" */ = {
			isa = XCConfigurationList;
			buildConfigurations = (
				7B38CEE91F60DD8400E23228 /* Debug */,
				7B38CEEA1F60DD8400E23228 /* Release */,
			);
			defaultConfigurationIsVisible = 0;
			defaultConfigurationName = Release;
		};
		7B38CEEB1F60DD8400E23228 /* Build configuration list for PBXNativeTarget "老虎机UITests" */ = {
			isa = XCConfigurationList;
			buildConfigurations = (
				7B38CEEC1F60DD8400E23228 /* Debug */,
				7B38CEED1F60DD8400E23228 /* Release */,
			);
			defaultConfigurationIsVisible = 0;
			defaultConfigurationName = Release;
		};
/* End XCConfigurationList section */
	};
	rootObject = 7B38CEB01F60DD8400E23228 /* Project object */;
}
